
Microsoft Visual Studio Solution File, Format Version 12.00
# Visual Studio Version 17
VisualStudioVersion = 17.7.34003.232
MinimumVisualStudioVersion = 10.0.40219.1
Project("{FAE04EC0-301F-11D3-BF4B-00C04F79EFBC}") = "WindowGUI", "WindowGUI\WindowGUI.csproj", "{76F56C4D-7FAB-43AE-9024-AAB447451ED5}"
EndProject
Global
	GlobalSection(SolutionConfigurationPlatforms) = preSolution
		Debug|Any CPU = Debug|Any CPU
		Release|Any CPU = Release|Any CPU
	EndGlobalSection
	GlobalSection(ProjectConfigurationPlatforms) = postSolution
		{76F56C4D-7FAB-43AE-9024-AAB447451ED5}.Debug|Any CPU.ActiveCfg = Debug|Any CPU
		{76F56C4D-7FAB-43AE-9024-AAB447451ED5}.Debug|Any CPU.Build.0 = Debug|Any CPU
		{76F56C4D-7FAB-43AE-9024-AAB447451ED5}.Release|Any CPU.ActiveCfg = Release|Any CPU
		{76F56C4D-7FAB-43AE-9024-AAB447451ED5}.Release|Any CPU.Build.0 = Release|Any CPU
	EndGlobalSection
	GlobalSection(SolutionProperties) = preSolution
		HideSolutionNode = FALSE
	EndGlobalSection
	GlobalSection(ExtensibilityGlobals) = postSolution
		SolutionGuid = {1AE04B17-930C-4834-AD8D-F8904F058900}
	EndGlobalSection
EndGlobal
